
Microsoft Visual Studio Solution File, Format Version 12.00
# Visual Studio 15
VisualStudioVersion = 15.0.28307.329
MinimumVisualStudioVersion = 10.0.40219.1
Project("{FAE04EC0-301F-11D3-BF4B-00C04F79EFBC}") = "CSharp-test", "CSharp-test\CSharp-test.csproj", "{0EC9C071-3E22-4EE6-918E-7A18D6B0357C}"
EndProject
Project("{FAE04EC0-301F-11D3-BF4B-00C04F79EFBC}") = "DemoServer", "DemoServer\DemoServer.csproj", "{AB2032A9-4A85-45E9-B301-F13B88CF1776}"
EndProject
Project("{FAE04EC0-301F-11D3-BF4B-00C04F79EFBC}") = "nbs-grpc2s-lib", "..\nbs-grpc2s-lib\nbs-grpc2s-lib.csproj", "{99568F09-9E3E-4B08-8164-6C7EB2647534}"
EndProject
Project("{FAE04EC0-301F-11D3-BF4B-00C04F79EFBC}") = "WpfGRPCChatDemo", "WpfGRPCChatDemo\WpfGRPCChatDemo.csproj", "{F8B9580B-996D-4815-A5DD-5DFD4E714688}"
EndProject
Global
	GlobalSection(SolutionConfigurationPlatforms) = preSolution
		Debug|Any CPU = Debug|Any CPU
		Release|Any CPU = Release|Any CPU
	EndGlobalSection
	GlobalSection(ProjectConfigurationPlatforms) = postSolution
		{0EC9C071-3E22-4EE6-918E-7A18D6B0357C}.Debug|Any CPU.ActiveCfg = Debug|Any CPU
		{0EC9C071-3E22-4EE6-918E-7A18D6B0357C}.Debug|Any CPU.Build.0 = Debug|Any CPU
		{0EC9C071-3E22-4EE6-918E-7A18D6B0357C}.Release|Any CPU.ActiveCfg = Release|Any CPU
		{0EC9C071-3E22-4EE6-918E-7A18D6B0357C}.Release|Any CPU.Build.0 = Release|Any CPU
		{AB2032A9-4A85-45E9-B301-F13B88CF1776}.Debug|Any CPU.ActiveCfg = Debug|Any CPU
		{AB2032A9-4A85-45E9-B301-F13B88CF1776}.Debug|Any CPU.Build.0 = Debug|Any CPU
		{AB2032A9-4A85-45E9-B301-F13B88CF1776}.Release|Any CPU.ActiveCfg = Release|Any CPU
		{AB2032A9-4A85-45E9-B301-F13B88CF1776}.Release|Any CPU.Build.0 = Release|Any CPU
		{99568F09-9E3E-4B08-8164-6C7EB2647534}.Debug|Any CPU.ActiveCfg = Debug|Any CPU
		{99568F09-9E3E-4B08-8164-6C7EB2647534}.Debug|Any CPU.Build.0 = Debug|Any CPU
		{99568F09-9E3E-4B08-8164-6C7EB2647534}.Release|Any CPU.ActiveCfg = Release|Any CPU
		{99568F09-9E3E-4B08-8164-6C7EB2647534}.Release|Any CPU.Build.0 = Release|Any CPU
		{F8B9580B-996D-4815-A5DD-5DFD4E714688}.Debug|Any CPU.ActiveCfg = Debug|Any CPU
		{F8B9580B-996D-4815-A5DD-5DFD4E714688}.Debug|Any CPU.Build.0 = Debug|Any CPU
		{F8B9580B-996D-4815-A5DD-5DFD4E714688}.Release|Any CPU.ActiveCfg = Release|Any CPU
		{F8B9580B-996D-4815-A5DD-5DFD4E714688}.Release|Any CPU.Build.0 = Release|Any CPU
	EndGlobalSection
	GlobalSection(SolutionProperties) = preSolution
		HideSolutionNode = FALSE
	EndGlobalSection
	GlobalSection(ExtensibilityGlobals) = postSolution
		SolutionGuid = {25D4FC14-49F9-4886-984C-79792A8A2519}
	EndGlobalSection
EndGlobal
